
Microsoft Visual Studio Solution File, Format Version 12.00
# Visual Studio Version 17
VisualStudioVersion = 17.7.34031.279
MinimumVisualStudioVersion = 10.0.40219.1
Project("{FAE04EC0-301F-11D3-BF4B-00C04F79EFBC}") = "electromecanica 4", "electromecanica 4.csproj", "{EFC0DF2F-1D1E-4975-ADDC-581BD6AC5A56}"
EndProject
Global
	GlobalSection(SolutionConfigurationPlatforms) = preSolution
		Debug|Any CPU = Debug|Any CPU
		Release|Any CPU = Release|Any CPU
	EndGlobalSection
	GlobalSection(ProjectConfigurationPlatforms) = postSolution
		{EFC0DF2F-1D1E-4975-ADDC-581BD6AC5A56}.Debug|Any CPU.ActiveCfg = Debug|Any CPU
		{EFC0DF2F-1D1E-4975-ADDC-581BD6AC5A56}.Debug|Any CPU.Build.0 = Debug|Any CPU
		{EFC0DF2F-1D1E-4975-ADDC-581BD6AC5A56}.Release|Any CPU.ActiveCfg = Release|Any CPU
		{EFC0DF2F-1D1E-4975-ADDC-581BD6AC5A56}.Release|Any CPU.Build.0 = Release|Any CPU
	EndGlobalSection
	GlobalSection(SolutionProperties) = preSolution
		HideSolutionNode = FALSE
	EndGlobalSection
	GlobalSection(ExtensibilityGlobals) = postSolution
		SolutionGuid = {B95B145B-FB2B-42D6-A2C6-FE9C39CB1B7B}
	EndGlobalSection
EndGlobal
