
Microsoft Visual Studio Solution File, Format Version 12.00
# Visual Studio Version 17
VisualStudioVersion = 17.7.34202.233
MinimumVisualStudioVersion = 10.0.40219.1
Project("{FAE04EC0-301F-11D3-BF4B-00C04F79EFBC}") = "practica 4 electromecanica", "practica 4 electromecanica.csproj", "{8BE33F57-6571-4932-AEF3-2EDD59B63F5F}"
EndProject
Global
	GlobalSection(SolutionConfigurationPlatforms) = preSolution
		Debug|Any CPU = Debug|Any CPU
		Release|Any CPU = Release|Any CPU
	EndGlobalSection
	GlobalSection(ProjectConfigurationPlatforms) = postSolution
		{8BE33F57-6571-4932-AEF3-2EDD59B63F5F}.Debug|Any CPU.ActiveCfg = Debug|Any CPU
		{8BE33F57-6571-4932-AEF3-2EDD59B63F5F}.Debug|Any CPU.Build.0 = Debug|Any CPU
		{8BE33F57-6571-4932-AEF3-2EDD59B63F5F}.Release|Any CPU.ActiveCfg = Release|Any CPU
		{8BE33F57-6571-4932-AEF3-2EDD59B63F5F}.Release|Any CPU.Build.0 = Release|Any CPU
	EndGlobalSection
	GlobalSection(SolutionProperties) = preSolution
		HideSolutionNode = FALSE
	EndGlobalSection
	GlobalSection(ExtensibilityGlobals) = postSolution
		SolutionGuid = {95FA88B8-7384-4CFC-A274-E97F81F095ED}
	EndGlobalSection
EndGlobal
